// !$*UTF8*$!
{
	archiveVersion = 1;
	classes = {
	};
	objectVersion = 56;
	objects = {

/* Begin PBXBuildFile section */
		5D5C8B9C29253DF8000CC2AD /* NC1PhotosApp.swift in Sources */ = {isa = PBXBuildFile; fileRef = 5D5C8B9B29253DF8000CC2AD /* NC1PhotosApp.swift */; };
		5D5C8B9E29253DF8000CC2AD /* ContentView.swift in Sources */ = {isa = PBXBuildFile; fileRef = 5D5C8B9D29253DF8000CC2AD /* ContentView.swift */; };
		5D5C8BA029253DF9000CC2AD /* Assets.xcassets in Resources */ = {isa = PBXBuildFile; fileRef = 5D5C8B9F29253DF9000CC2AD /* Assets.xcassets */; };
		5D5C8BA329253DF9000CC2AD /* Preview Assets.xcassets in Resources */ = {isa = PBXBuildFile; fileRef = 5D5C8BA229253DF9000CC2AD /* Preview Assets.xcassets */; };
		5D9C83A72926F5C7001CF5F9 /* LibraryScreen.swift in Sources */ = {isa = PBXBuildFile; fileRef = 5D9C83A62926F5C7001CF5F9 /* LibraryScreen.swift */; };
		5D9C83A92926F5D4001CF5F9 /* ForYouScreen.swift in Sources */ = {isa = PBXBuildFile; fileRef = 5D9C83A82926F5D4001CF5F9 /* ForYouScreen.swift */; };
		5D9C83AB2926FC16001CF5F9 /* AlbumsScreen.swift in Sources */ = {isa = PBXBuildFile; fileRef = 5D9C83AA2926FC16001CF5F9 /* AlbumsScreen.swift */; };
		5D9C83AD2926FC2C001CF5F9 /* SearchScreen.swift in Sources */ = {isa = PBXBuildFile; fileRef = 5D9C83AC2926FC2C001CF5F9 /* SearchScreen.swift */; };
		5DFA67EF292D67E3009719D4 /* CustomPicker.swift in Sources */ = {isa = PBXBuildFile; fileRef = 5DFA67EE292D67E3009719D4 /* CustomPicker.swift */; };
		5DFA67F4292D7B9D009719D4 /* CustomButton.swift in Sources */ = {isa = PBXBuildFile; fileRef = 5DFA67F3292D7B9D009719D4 /* CustomButton.swift */; };
/* End PBXBuildFile section */

/* Begin PBXFileReference section */
		5D5C8B9829253DF8000CC2AD /* NC1Photos.app */ = {isa = PBXFileReference; explicitFileType = wrapper.application; includeInIndex = 0; path = NC1Photos.app; sourceTree = BUILT_PRODUCTS_DIR; };
		5D5C8B9B29253DF8000CC2AD /* NC1PhotosApp.swift */ = {isa = PBXFileReference; lastKnownFileType = sourcecode.swift; path = NC1PhotosApp.swift; sourceTree = "<group>"; };
		5D5C8B9D29253DF8000CC2AD /* ContentView.swift */ = {isa = PBXFileReference; lastKnownFileType = sourcecode.swift; path = ContentView.swift; sourceTree = "<group>"; };
		5D5C8B9F29253DF9000CC2AD /* Assets.xcassets */ = {isa = PBXFileReference; lastKnownFileType = folder.assetcatalog; path = Assets.xcassets; sourceTree = "<group>"; };
		5D5C8BA229253DF9000CC2AD /* Preview Assets.xcassets */ = {isa = PBXFileReference; lastKnownFileType = folder.assetcatalog; path = "Preview Assets.xcassets"; sourceTree = "<group>"; };
		5D9C83A62926F5C7001CF5F9 /* LibraryScreen.swift */ = {isa = PBXFileReference; lastKnownFileType = sourcecode.swift; path = LibraryScreen.swift; sourceTree = "<group>"; };
		5D9C83A82926F5D4001CF5F9 /* ForYouScreen.swift */ = {isa = PBXFileReference; lastKnownFileType = sourcecode.swift; path = ForYouScreen.swift; sourceTree = "<group>"; };
		5D9C83AA2926FC16001CF5F9 /* AlbumsScreen.swift */ = {isa = PBXFileReference; lastKnownFileType = sourcecode.swift; path = AlbumsScreen.swift; sourceTree = "<group>"; };
		5D9C83AC2926FC2C001CF5F9 /* SearchScreen.swift */ = {isa = PBXFileReference; lastKnownFileType = sourcecode.swift; path = SearchScreen.swift; sourceTree = "<group>"; };
		5DFA67EE292D67E3009719D4 /* CustomPicker.swift */ = {isa = PBXFileReference; lastKnownFileType = sourcecode.swift; path = CustomPicker.swift; sourceTree = "<group>"; };
		5DFA67F3292D7B9D009719D4 /* CustomButton.swift */ = {isa = PBXFileReference; lastKnownFileType = sourcecode.swift; path = CustomButton.swift; sourceTree = "<group>"; };
/* End PBXFileReference section */

/* Begin PBXFrameworksBuildPhase section */
		5D5C8B9529253DF8000CC2AD /* Frameworks */ = {
			isa = PBXFrameworksBuildPhase;
			buildActionMask = 2147483647;
			files = (
			);
			runOnlyForDeploymentPostprocessing = 0;
		};
/* End PBXFrameworksBuildPhase section */

/* Begin PBXGroup section */
		5D5C8B8F29253DF8000CC2AD = {
			isa = PBXGroup;
			children = (
				5D5C8B9A29253DF8000CC2AD /* NC1Photos */,
				5D5C8B9929253DF8000CC2AD /* Products */,
			);
			sourceTree = "<group>";
		};
		5D5C8B9929253DF8000CC2AD /* Products */ = {
			isa = PBXGroup;
			children = (
				5D5C8B9829253DF8000CC2AD /* NC1Photos.app */,
			);
			name = Products;
			sourceTree = "<group>";
		};
		5D5C8B9A29253DF8000CC2AD /* NC1Photos */ = {
			isa = PBXGroup;
			children = (
				5DFA67F2292D7B79009719D4 /* Custom */,
				5DFA67EA292D6418009719D4 /* Views */,
				5D5C8B9F29253DF9000CC2AD /* Assets.xcassets */,
				5D5C8BA129253DF9000CC2AD /* Preview Content */,
			);
			path = NC1Photos;
			sourceTree = "<group>";
		};
		5D5C8BA129253DF9000CC2AD /* Preview Content */ = {
			isa = PBXGroup;
			children = (
				5D5C8BA229253DF9000CC2AD /* Preview Assets.xcassets */,
			);
			path = "Preview Content";
			sourceTree = "<group>";
		};
		5DFA67EA292D6418009719D4 /* Views */ = {
			isa = PBXGroup;
			children = (
				5D5C8B9B29253DF8000CC2AD /* NC1PhotosApp.swift */,
				5D5C8B9D29253DF8000CC2AD /* ContentView.swift */,
				5D9C83A62926F5C7001CF5F9 /* LibraryScreen.swift */,
				5D9C83A82926F5D4001CF5F9 /* ForYouScreen.swift */,
				5D9C83AA2926FC16001CF5F9 /* AlbumsScreen.swift */,
				5D9C83AC2926FC2C001CF5F9 /* SearchScreen.swift */,
			);
			path = Views;
			sourceTree = "<group>";
		};
		5DFA67F2292D7B79009719D4 /* Custom */ = {
			isa = PBXGroup;
			children = (
				5DFA67F3292D7B9D009719D4 /* CustomButton.swift */,
				5DFA67EE292D67E3009719D4 /* CustomPicker.swift */,
			);
			path = Custom;
			sourceTree = "<group>";
		};
/* End PBXGroup section */

/* Begin PBXNativeTarget section */
		5D5C8B9729253DF8000CC2AD /* NC1Photos */ = {
			isa = PBXNativeTarget;
			buildConfigurationList = 5D5C8BA629253DF9000CC2AD /* Build configuration list for PBXNativeTarget "NC1Photos" */;
			buildPhases = (
				5D5C8B9429253DF8000CC2AD /* Sources */,
				5D5C8B9529253DF8000CC2AD /* Frameworks */,
				5D5C8B9629253DF8000CC2AD /* Resources */,
			);
			buildRules = (
			);
			dependencies = (
			);
			name = NC1Photos;
			productName = NC1Photos;
			productReference = 5D5C8B9829253DF8000CC2AD /* NC1Photos.app */;
			productType = "com.apple.product-type.application";
		};
/* End PBXNativeTarget section */

/* Begin PBXProject section */
		5D5C8B9029253DF8000CC2AD /* Project object */ = {
			isa = PBXProject;
			attributes = {
				BuildIndependentTargetsInParallel = 1;
				LastSwiftUpdateCheck = 1410;
				LastUpgradeCheck = 1410;
				TargetAttributes = {
					5D5C8B9729253DF8000CC2AD = {
						CreatedOnToolsVersion = 14.1;
					};
				};
			};
			buildConfigurationList = 5D5C8B9329253DF8000CC2AD /* Build configuration list for PBXProject "NC1Photos" */;
			compatibilityVersion = "Xcode 14.0";
			developmentRegion = en;
			hasScannedForEncodings = 0;
			knownRegions = (
				en,
				Base,
			);
			mainGroup = 5D5C8B8F29253DF8000CC2AD;
			productRefGroup = 5D5C8B9929253DF8000CC2AD /* Products */;
			projectDirPath = "";
			projectRoot = "";
			targets = (
				5D5C8B9729253DF8000CC2AD /* NC1Photos */,
			);
		};
/* End PBXProject section */

/* Begin PBXResourcesBuildPhase section */
		5D5C8B9629253DF8000CC2AD /* Resources */ = {
			isa = PBXResourcesBuildPhase;
			buildActionMask = 2147483647;
			files = (
				5D5C8BA329253DF9000CC2AD /* Preview Assets.xcassets in Resources */,
				5D5C8BA029253DF9000CC2AD /* Assets.xcassets in Resources */,
			);
			runOnlyForDeploymentPostprocessing = 0;
		};
/* End PBXResourcesBuildPhase section */

/* Begin PBXSourcesBuildPhase section */
		5D5C8B9429253DF8000CC2AD /* Sources */ = {
			isa = PBXSourcesBuildPhase;
			buildActionMask = 2147483647;
			files = (
				5D5C8B9E29253DF8000CC2AD /* ContentView.swift in Sources */,
				5DFA67EF292D67E3009719D4 /* CustomPicker.swift in Sources */,
				5D9C83A92926F5D4001CF5F9 /* ForYouScreen.swift in Sources */,
				5D5C8B9C29253DF8000CC2AD /* NC1PhotosApp.swift in Sources */,
				5DFA67F4292D7B9D009719D4 /* CustomButton.swift in Sources */,
				5D9C83A72926F5C7001CF5F9 /* LibraryScreen.swift in Sources */,
				5D9C83AB2926FC16001CF5F9 /* AlbumsScreen.swift in Sources */,
				5D9C83AD2926FC2C001CF5F9 /* SearchScreen.swift in Sources */,
			);
			runOnlyForDeploymentPostprocessing = 0;
		};
/* End PBXSourcesBuildPhase section */

/* Begin XCBuildConfiguration section */
		5D5C8BA429253DF9000CC2AD /* Debug */ = {
			isa = XCBuildConfiguration;
			buildSettings = {
				ALWAYS_SEARCH_USER_PATHS = NO;
				CLANG_ANALYZER_NONNULL = YES;
				CLANG_ANALYZER_NUMBER_OBJECT_CONVERSION = YES_AGGRESSIVE;
				CLANG_CXX_LANGUAGE_STANDARD = "gnu++20";
				CLANG_ENABLE_MODULES = YES;
				CLANG_ENABLE_OBJC_ARC = YES;
				CLANG_ENABLE_OBJC_WEAK = YES;
				CLANG_WARN_BLOCK_CAPTURE_AUTORELEASING = YES;
				CLANG_WARN_BOOL_CONVERSION = YES;
				CLANG_WARN_COMMA = YES;
				CLANG_WARN_CONSTANT_CONVERSION = YES;
				CLANG_WARN_DEPRECATED_OBJC_IMPLEMENTATIONS = YES;
				CLANG_WARN_DIRECT_OBJC_ISA_USAGE = YES_ERROR;
				CLANG_WARN_DOCUMENTATION_COMMENTS = YES;
				CLANG_WARN_EMPTY_BODY = YES;
				CLANG_WARN_ENUM_CONVERSION = YES;
				CLANG_WARN_INFINITE_RECURSION = YES;
				CLANG_WARN_INT_CONVERSION = YES;
				CLANG_WARN_NON_LITERAL_NULL_CONVERSION = YES;
				CLANG_WARN_OBJC_IMPLICIT_RETAIN_SELF = YES;
				CLANG_WARN_OBJC_LITERAL_CONVERSION = YES;
				CLANG_WARN_OBJC_ROOT_CLASS = YES_ERROR;
				CLANG_WARN_QUOTED_INCLUDE_IN_FRAMEWORK_HEADER = YES;
				CLANG_WARN_RANGE_LOOP_ANALYSIS = YES;
				CLANG_WARN_STRICT_PROTOTYPES = YES;
				CLANG_WARN_SUSPICIOUS_MOVE = YES;
				CLANG_WARN_UNGUARDED_AVAILABILITY = YES_AGGRESSIVE;
				CLANG_WARN_UNREACHABLE_CODE = YES;
				CLANG_WARN__DUPLICATE_METHOD_MATCH = YES;
				COPY_PHASE_STRIP = NO;
				DEBUG_INFORMATION_FORMAT = dwarf;
				ENABLE_STRICT_OBJC_MSGSEND = YES;
				ENABLE_TESTABILITY = YES;
				GCC_C_LANGUAGE_STANDARD = gnu11;
				GCC_DYNAMIC_NO_PIC = NO;
				GCC_NO_COMMON_BLOCKS = YES;
				GCC_OPTIMIZATION_LEVEL = 0;
				GCC_PREPROCESSOR_DEFINITIONS = (
					"DEBUG=1",
					"$(inherited)",
				);
				GCC_WARN_64_TO_32_BIT_CONVERSION = YES;
				GCC_WARN_ABOUT_RETURN_TYPE = YES_ERROR;
				GCC_WARN_UNDECLARED_SELECTOR = YES;
				GCC_WARN_UNINITIALIZED_AUTOS = YES_AGGRESSIVE;
				GCC_WARN_UNUSED_FUNCTION = YES;
				GCC_WARN_UNUSED_VARIABLE = YES;
				IPHONEOS_DEPLOYMENT_TARGET = 16.1;
				MTL_ENABLE_DEBUG_INFO = INCLUDE_SOURCE;
				MTL_FAST_MATH = YES;
				ONLY_ACTIVE_ARCH = YES;
				SDKROOT = iphoneos;
				SWIFT_ACTIVE_COMPILATION_CONDITIONS = DEBUG;
				SWIFT_OPTIMIZATION_LEVEL = "-Onone";
			};
			name = Debug;
		};
		5D5C8BA529253DF9000CC2AD /* Release */ = {
			isa = XCBuildConfiguration;
			buildSettings = {
				ALWAYS_SEARCH_USER_PATHS = NO;
				CLANG_ANALYZER_NONNULL = YES;
				CLANG_ANALYZER_NUMBER_OBJECT_CONVERSION = YES_AGGRESSIVE;
				CLANG_CXX_LANGUAGE_STANDARD = "gnu++20";
				CLANG_ENABLE_MODULES = YES;
				CLANG_ENABLE_OBJC_ARC = YES;
				CLANG_ENABLE_OBJC_WEAK = YES;
				CLANG_WARN_BLOCK_CAPTURE_AUTORELEASING = YES;
				CLANG_WARN_BOOL_CONVERSION = YES;
				CLANG_WARN_COMMA = YES;
				CLANG_WARN_CONSTANT_CONVERSION = YES;
				CLANG_WARN_DEPRECATED_OBJC_IMPLEMENTATIONS = YES;
				CLANG_WARN_DIRECT_OBJC_ISA_USAGE = YES_ERROR;
				CLANG_WARN_DOCUMENTATION_COMMENTS = YES;
				CLANG_WARN_EMPTY_BODY = YES;
				CLANG_WARN_ENUM_CONVERSION = YES;
				CLANG_WARN_INFINITE_RECURSION = YES;
				CLANG_WARN_INT_CONVERSION = YES;
				CLANG_WARN_NON_LITERAL_NULL_CONVERSION = YES;
				CLANG_WARN_OBJC_IMPLICIT_RETAIN_SELF = YES;
				CLANG_WARN_OBJC_LITERAL_CONVERSION = YES;
				CLANG_WARN_OBJC_ROOT_CLASS = YES_ERROR;
				CLANG_WARN_QUOTED_INCLUDE_IN_FRAMEWORK_HEADER = YES;
				CLANG_WARN_RANGE_LOOP_ANALYSIS = YES;
				CLANG_WARN_STRICT_PROTOTYPES = YES;
				CLANG_WARN_SUSPICIOUS_MOVE = YES;
				CLANG_WARN_UNGUARDED_AVAILABILITY = YES_AGGRESSIVE;
				CLANG_WARN_UNREACHABLE_CODE = YES;
				CLANG_WARN__DUPLICATE_METHOD_MATCH = YES;
				COPY_PHASE_STRIP = NO;
				DEBUG_INFORMATION_FORMAT = "dwarf-with-dsym";
				ENABLE_NS_ASSERTIONS = NO;
				ENABLE_STRICT_OBJC_MSGSEND = YES;
				GCC_C_LANGUAGE_STANDARD = gnu11;
				GCC_NO_COMMON_BLOCKS = YES;
				GCC_WARN_64_TO_32_BIT_CONVERSION = YES;
				GCC_WARN_ABOUT_RETURN_TYPE = YES_ERROR;
				GCC_WARN_UNDECLARED_SELECTOR = YES;
				GCC_WARN_UNINITIALIZED_AUTOS = YES_AGGRESSIVE;
				GCC_WARN_UNUSED_FUNCTION = YES;
				GCC_WARN_UNUSED_VARIABLE = YES;
				IPHONEOS_DEPLOYMENT_TARGET = 16.1;
				MTL_ENABLE_DEBUG_INFO = NO;
				MTL_FAST_MATH = YES;
				SDKROOT = iphoneos;
				SWIFT_COMPILATION_MODE = wholemodule;
				SWIFT_OPTIMIZATION_LEVEL = "-O";
				VALIDATE_PRODUCT = YES;
			};
			name = Release;
		};
		5D5C8BA729253DF9000CC2AD /* Debug */ = {
			isa = XCBuildConfiguration;
			buildSettings = {
				ASSETCATALOG_COMPILER_APPICON_NAME = AppIcon;
				ASSETCATALOG_COMPILER_GLOBAL_ACCENT_COLOR_NAME = AccentColor;
				CODE_SIGN_STYLE = Automatic;
				CURRENT_PROJECT_VERSION = 1;
				DEVELOPMENT_ASSET_PATHS = "\"NC1Photos/Preview Content\"";
				DEVELOPMENT_TEAM = 96WFS37V5D;
				ENABLE_PREVIEWS = YES;
				GENERATE_INFOPLIST_FILE = YES;
				INFOPLIST_KEY_UIApplicationSceneManifest_Generation = YES;
				INFOPLIST_KEY_UIApplicationSupportsIndirectInputEvents = YES;
				INFOPLIST_KEY_UILaunchScreen_Generation = YES;
				INFOPLIST_KEY_UISupportedInterfaceOrientations_iPad = "UIInterfaceOrientationPortrait UIInterfaceOrientationPortraitUpsideDown UIInterfaceOrientationLandscapeLeft UIInterfaceOrientationLandscapeRight";
				INFOPLIST_KEY_UISupportedInterfaceOrientations_iPhone = "UIInterfaceOrientationPortrait UIInterfaceOrientationLandscapeLeft UIInterfaceOrientationLandscapeRight";
				LD_RUNPATH_SEARCH_PATHS = (
					"$(inherited)",
					"@executable_path/Frameworks",
				);
				MARKETING_VERSION = 1.0;
				PRODUCT_BUNDLE_IDENTIFIER = com.laurabognanni.NC1Photos;
				PRODUCT_NAME = "$(TARGET_NAME)";
				SWIFT_EMIT_LOC_STRINGS = YES;
				SWIFT_VERSION = 5.0;
				TARGETED_DEVICE_FAMILY = "1,2";
			};
			name = Debug;
		};
		5D5C8BA829253DF9000CC2AD /* Release */ = {
			isa = XCBuildConfiguration;
			buildSettings = {
				ASSETCATALOG_COMPILER_APPICON_NAME = AppIcon;
				ASSETCATALOG_COMPILER_GLOBAL_ACCENT_COLOR_NAME = AccentColor;
				CODE_SIGN_STYLE = Automatic;
				CURRENT_PROJECT_VERSION = 1;
				DEVELOPMENT_ASSET_PATHS = "\"NC1Photos/Preview Content\"";
				DEVELOPMENT_TEAM = 96WFS37V5D;
				ENABLE_PREVIEWS = YES;
				GENERATE_INFOPLIST_FILE = YES;
				INFOPLIST_KEY_UIApplicationSceneManifest_Generation = YES;
				INFOPLIST_KEY_UIApplicationSupportsIndirectInputEvents = YES;
				INFOPLIST_KEY_UILaunchScreen_Generation = YES;
				INFOPLIST_KEY_UISupportedInterfaceOrientations_iPad = "UIInterfaceOrientationPortrait UIInterfaceOrientationPortraitUpsideDown UIInterfaceOrientationLandscapeLeft UIInterfaceOrientationLandscapeRight";
				INFOPLIST_KEY_UISupportedInterfaceOrientations_iPhone = "UIInterfaceOrientationPortrait UIInterfaceOrientationLandscapeLeft UIInterfaceOrientationLandscapeRight";
				LD_RUNPATH_SEARCH_PATHS = (
					"$(inherited)",
					"@executable_path/Frameworks",
				);
				MARKETING_VERSION = 1.0;
				PRODUCT_BUNDLE_IDENTIFIER = com.laurabognanni.NC1Photos;
				PRODUCT_NAME = "$(TARGET_NAME)";
				SWIFT_EMIT_LOC_STRINGS = YES;
				SWIFT_VERSION = 5.0;
				TARGETED_DEVICE_FAMILY = "1,2";
			};
			name = Release;
		};
/* End XCBuildConfiguration section */

/* Begin XCConfigurationList section */
		5D5C8B9329253DF8000CC2AD /* Build configuration list for PBXProject "NC1Photos" */ = {
			isa = XCConfigurationList;
			buildConfigurations = (
				5D5C8BA429253DF9000CC2AD /* Debug */,
				5D5C8BA529253DF9000CC2AD /* Release */,
			);
			defaultConfigurationIsVisible = 0;
			defaultConfigurationName = Release;
		};
		5D5C8BA629253DF9000CC2AD /* Build configuration list for PBXNativeTarget "NC1Photos" */ = {
			isa = XCConfigurationList;
			buildConfigurations = (
				5D5C8BA729253DF9000CC2AD /* Debug */,
				5D5C8BA829253DF9000CC2AD /* Release */,
			);
			defaultConfigurationIsVisible = 0;
			defaultConfigurationName = Release;
		};
/* End XCConfigurationList section */
	};
	rootObject = 5D5C8B9029253DF8000CC2AD /* Project object */;
}
